PODS:
  - BNRDynamicTypeManager (0.1.0):
    - BNRDynamicTypeManager/Controls
    - BNRDynamicTypeManager/Core
  - BNRDynamicTypeManager/Controls (0.1.0):
    - BNRDynamicTypeManager/Core
  - BNRDynamicTypeManager/Core (0.1.0)
  - ViewDeck (2.3.1)

DEPENDENCIES:
  - BNRDynamicTypeManager (~> 0.1.0)
  - ViewDeck (~> 2.3)

SPEC CHECKSUMS:
  BNRDynamicTypeManager: 1b534ad4a4b189c625d0e55e288918f86e628b13
  ViewDeck: 2cdc67c4b41a10cafc7556b982f028409e33604d

COCOAPODS: 0.29.0
